<?xml version="1.0" encoding="utf-8"?>
<Project ToolsVersion="4.0" xmlns="http://schemas.microsoft.com/developer/msbuild/2003">
  <ItemGroup>
    <Filter Include="Application">
      <UniqueIdentifier>{93995380-89BD-4b04-88EB-625FBE52EBFB}</UniqueIdentifier>
      <Extensions>h;hh;hpp;hxx;h++;hm;inl;inc;ipp;xsd</Extensions>
    </Filter>
    <Filter Include="Core">
      <UniqueIdentifier>{67DA6AB6-F800-4c08-8B7A-83BB121AAD01}</UniqueIdentifier>
      <Extensions>rc;ico;cur;bmp;dlg;rc2;rct;bin;rgs;gif;jpg;jpeg;jpe;resx;tiff;tif;png;wav;mfcribbon-ms</Extensions>
    </Filter>
    <Filter Include="Entities">
      <UniqueIdentifier>{4FC737F1-C7A5-4376-A066-2A32D752A2FF}</UniqueIdentifier>
      <Extensions>cpp;c;cc;cxx;c++;cppm;ixx;def;odl;idl;hpj;bat;asm;asmx</Extensions>
    </Filter>
    <Filter Include="Geometry">
      <UniqueIdentifier>{27cb0726-7775-40f2-ad9b-f77460aa0bc7}</UniqueIdentifier>
    </Filter>
    <Filter Include="Render">
      <UniqueIdentifier>{11a2e943-413c-4f67-9a82-de8843743f09}</UniqueIdentifier>
    </Filter>
    <Filter Include="Entities\Enemies">
      <UniqueIdentifier>{48c82862-2af6-483c-b28a-223c69ec8996}</UniqueIdentifier>
    </Filter>
  </ItemGroup>
  <ItemGroup>
    <ClCompile Include="source\Globals.cpp">
      <Filter>Application</Filter>
    </ClCompile>
    <ClCompile Include="source\main.cpp">
      <Filter>Application</Filter>
    </ClCompile>
    <ClCompile Include="source\ResourceManager.cpp">
      <Filter>Application</Filter>
    </ClCompile>
    <ClCompile Include="source\Game.cpp">
      <Filter>Core</Filter>
    </ClCompile>
    <ClCompile Include="source\Scene.cpp">
      <Filter>Core</Filter>
    </ClCompile>
    <ClCompile Include="source\TileMap.cpp">
      <Filter>Core</Filter>
    </ClCompile>
    <ClCompile Include="source\Entity.cpp">
      <Filter>Entities</Filter>
    </ClCompile>
    <ClCompile Include="source\Object.cpp">
      <Filter>Entities</Filter>
    </ClCompile>
    <ClCompile Include="source\Player.cpp">
      <Filter>Entities</Filter>
    </ClCompile>
    <ClCompile Include="source\AABB.cpp">
      <Filter>Geometry</Filter>
    </ClCompile>
    <ClCompile Include="source\RenderComponent.cpp">
      <Filter>Render</Filter>
    </ClCompile>
    <ClCompile Include="source\Sprite.cpp">
      <Filter>Render</Filter>
    </ClCompile>
    <ClCompile Include="source\StaticImage.cpp">
      <Filter>Render</Filter>
    </ClCompile>
    <ClCompile Include="source\Enemy.cpp">
      <Filter>Entities\Enemies</Filter>
    </ClCompile>
    <ClCompile Include="source\Orange.cpp">
      <Filter>Entities\Enemies</Filter>
    </ClCompile>
    <ClCompile Include="source\Pink.cpp">
      <Filter>Entities\Enemies</Filter>
    </ClCompile>
    <ClCompile Include="source\Red.cpp">
      <Filter>Entities\Enemies</Filter>
    </ClCompile>
  </ItemGroup>
  <ItemGroup>
    <ClInclude Include="source\Globals.h">
      <Filter>Application</Filter>
    </ClInclude>
    <ClInclude Include="source\MemLeaks.h">
      <Filter>Application</Filter>
    </ClInclude>
    <ClInclude Include="source\ResourceManager.h">
      <Filter>Application</Filter>
    </ClInclude>
    <ClInclude Include="source\Game.h">
      <Filter>Core</Filter>
    </ClInclude>
    <ClInclude Include="source\Scene.h">
      <Filter>Core</Filter>
    </ClInclude>
    <ClInclude Include="source\TileMap.h">
      <Filter>Core</Filter>
    </ClInclude>
    <ClInclude Include="source\Entity.h">
      <Filter>Entities</Filter>
    </ClInclude>
    <ClInclude Include="source\Object.h">
      <Filter>Entities</Filter>
    </ClInclude>
    <ClInclude Include="source\Player.h">
      <Filter>Entities</Filter>
    </ClInclude>
    <ClInclude Include="source\AABB.h">
      <Filter>Geometry</Filter>
    </ClInclude>
    <ClInclude Include="source\Point.h">
      <Filter>Geometry</Filter>
    </ClInclude>
    <ClInclude Include="source\RenderComponent.h">
      <Filter>Render</Filter>
    </ClInclude>
    <ClInclude Include="source\Sprite.h">
      <Filter>Render</Filter>
    </ClInclude>
    <ClInclude Include="source\StaticImage.h">
      <Filter>Render</Filter>
    </ClInclude>
    <ClInclude Include="source\Enemy.h">
      <Filter>Entities\Enemies</Filter>
    </ClInclude>
  </ItemGroup>
</Project>