<?xml version="1.0" encoding="utf-8"?>
<Project ToolsVersion="4.0" xmlns="http://schemas.microsoft.com/developer/msbuild/2003">
  <ItemGroup>
    <Filter Include="Application">
      <UniqueIdentifier>{686571b3-c6a6-4a47-bff3-4ff4faa4447f}</UniqueIdentifier>
    </Filter>
    <Filter Include="Core">
      <UniqueIdentifier>{14a14031-02b5-4aa3-a267-219b2f7f4996}</UniqueIdentifier>
    </Filter>
    <Filter Include="Entities">
      <UniqueIdentifier>{cc21ba56-ee5f-42eb-98f1-6ea65f44497f}</UniqueIdentifier>
    </Filter>
    <Filter Include="Geometry">
      <UniqueIdentifier>{7c2891e4-e37b-4779-9642-0c8777796893}</UniqueIdentifier>
    </Filter>
    <Filter Include="Render">
      <UniqueIdentifier>{6584886c-364b-42f4-bf1a-bb35a6d11360}</UniqueIdentifier>
    </Filter>
  </ItemGroup>
  <ItemGroup>
    <ClCompile Include="src\Globals.cpp">
      <Filter>Application</Filter>
    </ClCompile>
    <ClCompile Include="src\main.cpp">
      <Filter>Application</Filter>
    </ClCompile>
    <ClCompile Include="src\ResourceManager.cpp">
      <Filter>Application</Filter>
    </ClCompile>
    <ClCompile Include="src\Game.cpp">
      <Filter>Core</Filter>
    </ClCompile>
    <ClCompile Include="src\Scene.cpp">
      <Filter>Core</Filter>
    </ClCompile>
    <ClCompile Include="src\TileMap.cpp">
      <Filter>Core</Filter>
    </ClCompile>
    <ClCompile Include="src\Entity.cpp">
      <Filter>Entities</Filter>
    </ClCompile>
    <ClCompile Include="src\Object.cpp">
      <Filter>Entities</Filter>
    </ClCompile>
    <ClCompile Include="src\Player.cpp">
      <Filter>Entities</Filter>
    </ClCompile>
    <ClCompile Include="src\AABB.cpp">
      <Filter>Geometry</Filter>
    </ClCompile>
    <ClCompile Include="src\RenderComponent.cpp">
      <Filter>Render</Filter>
    </ClCompile>
    <ClCompile Include="src\Sprite.cpp">
      <Filter>Render</Filter>
    </ClCompile>
    <ClCompile Include="src\StaticImage.cpp">
      <Filter>Render</Filter>
    </ClCompile>
  </ItemGroup>
  <ItemGroup>
    <ClInclude Include="src\Globals.h">
      <Filter>Application</Filter>
    </ClInclude>
    <ClInclude Include="src\MemLeaks.h">
      <Filter>Application</Filter>
    </ClInclude>
    <ClInclude Include="src\ResourceManager.h">
      <Filter>Application</Filter>
    </ClInclude>
    <ClInclude Include="src\Game.h">
      <Filter>Core</Filter>
    </ClInclude>
    <ClInclude Include="src\Scene.h">
      <Filter>Core</Filter>
    </ClInclude>
    <ClInclude Include="src\TileMap.h">
      <Filter>Core</Filter>
    </ClInclude>
    <ClInclude Include="src\Entity.h">
      <Filter>Entities</Filter>
    </ClInclude>
    <ClInclude Include="src\Object.h">
      <Filter>Entities</Filter>
    </ClInclude>
    <ClInclude Include="src\Player.h">
      <Filter>Entities</Filter>
    </ClInclude>
    <ClInclude Include="src\AABB.h">
      <Filter>Geometry</Filter>
    </ClInclude>
    <ClInclude Include="src\Point.h">
      <Filter>Geometry</Filter>
    </ClInclude>
    <ClInclude Include="src\RenderComponent.h">
      <Filter>Render</Filter>
    </ClInclude>
    <ClInclude Include="src\Sprite.h">
      <Filter>Render</Filter>
    </ClInclude>
    <ClInclude Include="src\StaticImage.h">
      <Filter>Render</Filter>
    </ClInclude>
  </ItemGroup>
</Project>